
Microsoft Visual Studio Solution File, Format Version 12.00
# Visual Studio Version 17
VisualStudioVersion = 17.9.34728.123
MinimumVisualStudioVersion = 10.0.40219.1
Project("{FAE04EC0-301F-11D3-BF4B-00C04F79EFBC}") = "PublicAPIFanOut.Test", "PublicAPIFanOut.Test\PublicAPIFanOut.Test.csproj", "{7F50871F-94E3-4035-9C60-4C30230E485B}"
EndProject
Global
	GlobalSection(SolutionConfigurationPlatforms) = preSolution
		Debug|Any CPU = Debug|Any CPU
		Release|Any CPU = Release|Any CPU
	EndGlobalSection
	GlobalSection(ProjectConfigurationPlatforms) = postSolution
		{7F50871F-94E3-4035-9C60-4C30230E485B}.Debug|Any CPU.ActiveCfg = Debug|Any CPU
		{7F50871F-94E3-4035-9C60-4C30230E485B}.Debug|Any CPU.Build.0 = Debug|Any CPU
		{7F50871F-94E3-4035-9C60-4C30230E485B}.Release|Any CPU.ActiveCfg = Release|Any CPU
		{7F50871F-94E3-4035-9C60-4C30230E485B}.Release|Any CPU.Build.0 = Release|Any CPU
	EndGlobalSection
	GlobalSection(SolutionProperties) = preSolution
		HideSolutionNode = FALSE
	EndGlobalSection
	GlobalSection(ExtensibilityGlobals) = postSolution
		SolutionGuid = {3BC5E5C2-68BE-400A-A597-C65D0671F694}
	EndGlobalSection
EndGlobal
